
Microsoft Visual Studio Solution File, Format Version 12.00
# Visual Studio Version 17
VisualStudioVersion = 17.5.33530.505
MinimumVisualStudioVersion = 10.0.40219.1
Project("{FAE04EC0-301F-11D3-BF4B-00C04F79EFBC}") = "missions", "missions\missions.csproj", "{4F8719C0-ECEF-4487-98FB-D1ED3E73B0AD}"
EndProject
Global
	GlobalSection(SolutionConfigurationPlatforms) = preSolution
		Debug|Any CPU = Debug|Any CPU
		Release|Any CPU = Release|Any CPU
	EndGlobalSection
	GlobalSection(ProjectConfigurationPlatforms) = postSolution
		{4F8719C0-ECEF-4487-98FB-D1ED3E73B0AD}.Debug|Any CPU.ActiveCfg = Debug|Any CPU
		{4F8719C0-ECEF-4487-98FB-D1ED3E73B0AD}.Debug|Any CPU.Build.0 = Debug|Any CPU
		{4F8719C0-ECEF-4487-98FB-D1ED3E73B0AD}.Release|Any CPU.ActiveCfg = Release|Any CPU
		{4F8719C0-ECEF-4487-98FB-D1ED3E73B0AD}.Release|Any CPU.Build.0 = Release|Any CPU
	EndGlobalSection
	GlobalSection(SolutionProperties) = preSolution
		HideSolutionNode = FALSE
	EndGlobalSection
	GlobalSection(ExtensibilityGlobals) = postSolution
		SolutionGuid = {27051B21-43C1-43CC-B60D-498712BF3498}
	EndGlobalSection
EndGlobal
